# This file is autogenerated, do not edit; changes may be undone by the next 'dep ensure'.


[[projects]]
  branch = "master"
  name = "github.com/ugorji/go"
  packages = ["codec"]
  revision = "16f09ef744fd4227190f626f14cfdefb14362b3b"

[[projects]]
  name = "github.com/urfave/cli"
  packages = ["."]
  revision = "cfb38830724cc34fedffe9a2a29fb54fa9169cd1"
  version = "v1.20.0"

[[projects]]
  branch = "master"
  name = "golang.org/x/crypto"
  packages = ["blake2b"]
  revision = "91a49db82a88618983a78a06c1cbd4e00ab749ab"

[[projects]]
  branch = "master"
  name = "golang.org/x/tools"
  packages = [
    "go/ast/astutil",
    "imports"
  ]
  revision = "73e16cff9e0d4a802937444bebb562458548241d"

[solve-meta]
  analyzer-name = "dep"
  analyzer-version = 1
  inputs-digest = "eab518d52c54e7725bd45c375f421fb2fcbd8ebf5d90baf5b98629d25df97ab4"
  solver-name = "gps-cdcl"
  solver-version = 1
