# This file is autogenerated, do not edit; changes may be undone by the next 'dep ensure'.


[[projects]]
  branch = "master"
  name = "github.com/mdempsky/gocode"
  packages = [
    "lookdot",
    "suggest"
  ]
  revision = "466551c8e799882836d81a98792e5887540b7822"

[[projects]]
  branch = "master"
  name = "github.com/ugorji/go"
  packages = ["codec"]
  revision = "7d51bbe6161dcb8f32a1252c27668ce36e3ef16b"

[[projects]]
  branch = "master"
  name = "github.com/urfave/cli"
  packages = ["."]
  revision = "8e01ec4cd3e2d84ab2fe90d8210528ffbb06d8ff"

[[projects]]
  branch = "master"
  name = "golang.org/x/crypto"
  packages = ["blake2b"]
  revision = "a49355c7e3f8fe157a85be2f77e6e269a0f89602"

[[projects]]
  branch = "master"
  name = "golang.org/x/sys"
  packages = ["cpu"]
  revision = "1b2967e3c290b7c545b3db0deeda16e9be4f98a2"

[[projects]]
  branch = "master"
  name = "golang.org/x/tools"
  packages = [
    "cmd/guru",
    "cmd/guru/serial",
    "container/intsets",
    "go/ast/astutil",
    "go/buildutil",
    "go/callgraph",
    "go/callgraph/static",
    "go/gcexportdata",
    "go/internal/gcimporter",
    "go/loader",
    "go/pointer",
    "go/ssa",
    "go/ssa/ssautil",
    "go/types/typeutil",
    "imports",
    "internal/fastwalk",
    "refactor/importgraph"
  ]
  revision = "18f0b668f1069d7f55ac25b6f2670e30cd6499c0"

[solve-meta]
  analyzer-name = "dep"
  analyzer-version = 1
  inputs-digest = "a44f4b1d6cf03e855a59a35b36366ac4f5b968ecb649658356c0585c482573fa"
  solver-name = "gps-cdcl"
  solver-version = 1
