# This file is autogenerated, do not edit; changes may be undone by the next 'dep ensure'.


[[projects]]
  branch = "master-tmp"
  name = "github.com/mdempsky/gocode"
  packages = [
    "lookdot",
    "suggest"
  ]
  revision = "5917a2de100275f43410c77e53403632a6b89b11"
  source = "github.com/KurokuLabs/gocode"

[[projects]]
  branch = "master"
  name = "github.com/ugorji/go"
  packages = ["codec"]
  revision = "00b869d2f4a5e27445c2d916fa106fc72c106d4c"

[[projects]]
  branch = "master"
  name = "github.com/urfave/cli"
  packages = ["."]
  revision = "8e01ec4cd3e2d84ab2fe90d8210528ffbb06d8ff"

[[projects]]
  branch = "master"
  name = "golang.org/x/crypto"
  packages = ["blake2b"]
  revision = "de0752318171da717af4ce24d0a2e8626afaeb11"

[[projects]]
  branch = "master"
  name = "golang.org/x/sys"
  packages = ["cpu"]
  revision = "1c9583448a9c3aa0f9a6a5241bf73c0bd8aafded"

[[projects]]
  branch = "master"
  name = "golang.org/x/tools"
  packages = [
    "cmd/guru",
    "cmd/guru/serial",
    "container/intsets",
    "go/ast/astutil",
    "go/buildutil",
    "go/callgraph",
    "go/callgraph/static",
    "go/gcexportdata",
    "go/internal/cgo",
    "go/internal/gcimporter",
    "go/loader",
    "go/packages",
    "go/pointer",
    "go/ssa",
    "go/ssa/ssautil",
    "go/types/typeutil",
    "imports",
    "internal/fastwalk",
    "refactor/importgraph"
  ]
  revision = "9de19001913fbbc31d62e61c3c2d0a49ee352534"

[solve-meta]
  analyzer-name = "dep"
  analyzer-version = 1
  inputs-digest = "4f610f01605fd82eca8f3ae8c0e501c78bbee4fe23c63f14ef1ccdaff2fda8ba"
  solver-name = "gps-cdcl"
  solver-version = 1
