# This file is autogenerated, do not edit; changes may be undone by the next 'dep ensure'.


[[projects]]
  digest = "1:c7db0d7eb0409eda9ac91b3a9d9ed49a019d0c9c82c6dd4e4bfcf97267c7d435"
  name = "github.com/coreos/bbolt"
  packages = ["."]
  pruneopts = "UT"
  revision = "68cc10a767ea1c6b9e8dcb9847317ff192d6d974"
  version = "v1.3.4"

[[projects]]
  digest = "1:7cb4fdca4c251b3ef8027c90ea35f70c7b661a593b9eeae34753c65499098bb1"
  name = "github.com/cpuguy83/go-md2man"
  packages = ["md2man"]
  pruneopts = "UT"
  revision = "7762f7e404f8416dfa1d9bb6a8c192aa9acb4d19"
  version = "v1.0.10"

[[projects]]
  digest = "1:6f9339c912bbdda81302633ad7e99a28dfa5a639c864061f1929510a9a64aa74"
  name = "github.com/dustin/go-humanize"
  packages = ["."]
  pruneopts = "UT"
  revision = "9f541cc9db5d55bce703bd99987c9d5cb8eea45e"
  version = "v1.0.0"

[[projects]]
  digest = "1:1561d3f382a9923816f744264e5ad200a94486328d39216c981e981ab4aba17f"
  name = "github.com/karrick/godirwalk"
  packages = ["."]
  pruneopts = "UT"
  revision = "99bb3743ba1bdd193cd193bcc0aeced2dd577c4d"
  version = "v1.15.6"

[[projects]]
  digest = "1:97ef3ad8a33b72948a86ffc5fffccd713e06dda70649a9a320a21a887a242711"
  name = "github.com/klauspost/asmfmt"
  packages = ["."]
  pruneopts = "UT"
  revision = "3da6afce54d96eb4f7ec7ffaa196f53152e9d456"
  version = "v1.2.1"

[[projects]]
  digest = "1:e09ada96a5a41deda4748b1659cc8953961799e798aea557257b56baee4ecaf3"
  name = "github.com/rogpeppe/go-internal"
  packages = [
    "modfile",
    "module",
    "semver",
  ]
  pruneopts = "UT"
  revision = "bc89b17ba21ce5b8a495fa55a94e3fe32ecf4ed8"
  version = "v1.5.2"

[[projects]]
  digest = "1:b36a0ede02c4c2aef7df7f91cbbb7bb88a98b5d253509d4f997dda526e50c88c"
  name = "github.com/russross/blackfriday"
  packages = ["."]
  pruneopts = "UT"
  revision = "05f3235734ad95d0016f6a23902f06461fcf567a"
  version = "v1.5.2"

[[projects]]
  digest = "1:5a1cf4e370bc86137b58da2ae065e76526d32b11f62a7665f36dbd5f41fa95ff"
  name = "github.com/ugorji/go"
  packages = ["codec"]
  pruneopts = "UT"
  revision = "23ab95ef5dc3b70286760af84ce2327a2b64ed62"
  version = "v1.1.7"

[[projects]]
  digest = "1:1d3ef3dd057d2eb1819e945f88cc83835296c9b7fb13ad3194c937c4e2891fee"
  name = "github.com/urfave/cli"
  packages = ["."]
  pruneopts = "UT"
  revision = "bfe2e925cfb6d44b40ad3a779165ea7e8aff9212"
  version = "v1.22.0"

[[projects]]
  branch = "master"
  digest = "1:bd74b8f4f9c56983b8628a5bc94a63e1e07dfe69084d0473cfd5f577d2d033ec"
  name = "golang.org/x/crypto"
  packages = ["blake2b"]
  pruneopts = "UT"
  revision = "4bdfaf469ed5a1194e0ec57ec7b1af73991a7ee3"

[[projects]]
  digest = "1:467bb8fb8fa786448b8d486cd0bb7c1a5577dcd7310441aa02a20110cd9f727d"
  name = "golang.org/x/mod"
  packages = [
    "module",
    "semver",
  ]
  pruneopts = "UT"
  revision = "ed3ec21bb8e252814c380df79a80f366440ddb2d"
  version = "v0.2.0"

[[projects]]
  branch = "master"
  digest = "1:76ee51c3f468493aff39dbacc401e8831fbb765104cbf613b89bef01cf4bad70"
  name = "golang.org/x/net"
  packages = ["context"]
  pruneopts = "UT"
  revision = "e086a090c8fdb9982880f0fb6e3db47af1856533"

[[projects]]
  branch = "master"
  digest = "1:b521f10a2d8fa85c04a8ef4e62f2d1e14d303599a55d64dabf9f5a02f84d35eb"
  name = "golang.org/x/sync"
  packages = ["errgroup"]
  pruneopts = "UT"
  revision = "43a5402ce75a95522677f77c619865d66b8c57ab"

[[projects]]
  branch = "master"
  digest = "1:c73fc47a43a9a69f82c3c708032db58320e03af3fe178ebab8e2045c47c1356a"
  name = "golang.org/x/sys"
  packages = [
    "cpu",
    "unix",
  ]
  pruneopts = "UT"
  revision = "1957bb5e6d1f523308b49060df02171d06ddfc77"

[[projects]]
  branch = "master"
  digest = "1:99e4172e8a303da9f7bc32eb7868108b03ac588768988ac788e5ed5e049e075b"
  name = "golang.org/x/tools"
  packages = [
    "cmd/guru",
    "cmd/guru/serial",
    "container/intsets",
    "go/ast/astutil",
    "go/buildutil",
    "go/callgraph",
    "go/callgraph/static",
    "go/gcexportdata",
    "go/internal/cgo",
    "go/internal/gcimporter",
    "go/internal/packagesdriver",
    "go/loader",
    "go/packages",
    "go/pointer",
    "go/ssa",
    "go/ssa/ssautil",
    "go/types/typeutil",
    "imports",
    "internal/event",
    "internal/event/core",
    "internal/event/keys",
    "internal/event/label",
    "internal/fastwalk",
    "internal/gocommand",
    "internal/gopathwalk",
    "internal/imports",
    "internal/packagesinternal",
    "refactor/importgraph",
  ]
  pruneopts = "UT"
  revision = "8463f397d07cfd2b3f1442fb1daa5e6bc2178a6e"

[[projects]]
  branch = "master"
  digest = "1:918a46e4a2fb83df33f668f5a6bd51b2996775d073fce1800d3ec01b0a5ddd2b"
  name = "golang.org/x/xerrors"
  packages = [
    ".",
    "internal",
  ]
  pruneopts = "UT"
  revision = "9bdfabe68543c54f90421aeb9a60ef8061b5b544"

[[projects]]
  branch = "master"
  digest = "1:c6125c56c22c64c3fec0f2e3ad37490545b55d7d001b5306b89bf7d0e959a9ba"
  name = "kuroku.io/margocode"
  packages = [
    "lookdot",
    "suggest",
  ]
  pruneopts = "UT"
  revision = "a1431e3c0752dcbcfa76f3bdd0ceff11c041ff4c"

[solve-meta]
  analyzer-name = "dep"
  analyzer-version = 1
  input-imports = [
    "github.com/coreos/bbolt",
    "github.com/dustin/go-humanize",
    "github.com/karrick/godirwalk",
    "github.com/klauspost/asmfmt",
    "github.com/rogpeppe/go-internal/modfile",
    "github.com/rogpeppe/go-internal/module",
    "github.com/rogpeppe/go-internal/semver",
    "github.com/ugorji/go/codec",
    "github.com/urfave/cli",
    "golang.org/x/crypto/blake2b",
    "golang.org/x/net/context",
    "golang.org/x/sync/errgroup",
    "golang.org/x/tools/cmd/guru",
    "golang.org/x/tools/go/gcexportdata",
    "kuroku.io/margocode/suggest",
  ]
  solver-name = "gps-cdcl"
  solver-version = 1
